
Microsoft Visual Studio Solution File, Format Version 12.00
# Visual Studio Version 16
VisualStudioVersion = 16.0.33927.289
MinimumVisualStudioVersion = 10.0.40219.1
Project("{2150E333-8FDC-42A3-9474-1A3956D46DE8}") = "Task0", "Task0", "{B0FE6917-8C34-44BE-B8A1-EB10C8FF5292}"
EndProject
Project("{FAE04EC0-301F-11D3-BF4B-00C04F79EFBC}") = "Tyuiu.ChalkovaEM.Sprint0.Task0.V0", "Tyuiu.ChalkovaEM.Sprint0.Task0.V0\Tyuiu.ChalkovaEM.Sprint0.Task0.V0.csproj", "{072C96D6-0515-452D-B373-E2E0E94BDD44}"
EndProject
Project("{2150E333-8FDC-42A3-9474-1A3956D46DE8}") = "Task1", "Task1", "{5292DDF1-F6CA-4F1A-8D43-6455FC964F07}"
EndProject
Project("{FAE04EC0-301F-11D3-BF4B-00C04F79EFBC}") = "Tyuiu.ChalkovaEM.Sprint0.Task1.V0", "Tyuiu.ChalkovaEM.Sprint0.Task1.V0\Tyuiu.ChalkovaEM.Sprint0.Task1.V0.csproj", "{3DB34388-27F4-4180-AD57-942ACF1B4871}"
EndProject
Project("{2150E333-8FDC-42A3-9474-1A3956D46DE8}") = "Task2", "Task2", "{8A533381-DDB8-4075-BDEF-94443C1D91B1}"
EndProject
Project("{FAE04EC0-301F-11D3-BF4B-00C04F79EFBC}") = "Tyuiu.ChalkovaEM.Sprint0.Task2.V0", "Tyuiu.ChalkovaEM.Sprint0.Task2.V0\Tyuiu.ChalkovaEM.Sprint0.Task2.V0.csproj", "{D4310D9A-FFAD-4EE4-BAC7-20F09A07199B}"
EndProject
Project("{FAE04EC0-301F-11D3-BF4B-00C04F79EFBC}") = "Tyuiu.ChalkovaEM.Sprint0.Task2.V0.Lib", "Tyuiu.ChalkovaEM.Sprint0.Task2.V0.Lib\Tyuiu.ChalkovaEM.Sprint0.Task2.V0.Lib.csproj", "{14DF989B-440E-4246-80A4-29870CFAF53C}"
EndProject
Project("{FAE04EC0-301F-11D3-BF4B-00C04F79EFBC}") = "Tyuiu.ChalkovaEM.Sprint0.Task2.V0.Test", "Tyuiu.ChalkovaEM.Sprint0.Task2.V0.Test\Tyuiu.ChalkovaEM.Sprint0.Task2.V0.Test.csproj", "{E3E3BE42-67E4-4F3C-AB2A-40C164A849A9}"
EndProject
Project("{2150E333-8FDC-42A3-9474-1A3956D46DE8}") = "Task3", "Task3", "{C0CF446F-0848-4392-80A1-E0BF3E1EFF8B}"
EndProject
Project("{FAE04EC0-301F-11D3-BF4B-00C04F79EFBC}") = "Tyuiu.ChalkovaEM.Sprint0.Task3.V0", "Tyuiu.ChalkovaEM.Sprint0.Task3.V0\Tyuiu.ChalkovaEM.Sprint0.Task3.V0.csproj", "{AD9876B7-6AE7-4902-B78D-7F9CB317D59B}"
EndProject
Project("{FAE04EC0-301F-11D3-BF4B-00C04F79EFBC}") = "Tyuiu.ChalkovaEM.Sprint0.Task3.V0.Lib", "Tyuiu.ChalkovaEM.Sprint0.Task3.V0.Lib\Tyuiu.ChalkovaEM.Sprint0.Task3.V0.Lib.csproj", "{63AB214D-E246-4450-B1E5-7B7849B0C2DE}"
EndProject
Project("{FAE04EC0-301F-11D3-BF4B-00C04F79EFBC}") = "Tyuiu.ChalkovaEM.Sprint0.Task3.V0.Test", "Tyuiu.ChalkovaEM.Sprint0.Task3.V0.Test\Tyuiu.ChalkovaEM.Sprint0.Task3.V0.Test.csproj", "{EE95A0A5-014F-47EB-BC41-181FCE832116}"
EndProject
Project("{2150E333-8FDC-42A3-9474-1A3956D46DE8}") = "Task5", "Task5", "{57F774D9-FBE8-46EC-83EA-E2ED486E081B}"
EndProject
Project("{2150E333-8FDC-42A3-9474-1A3956D46DE8}") = "Task4", "Task4", "{9090E511-EDCA-4635-AB89-F161B9D635BA}"
EndProject
Project("{FAE04EC0-301F-11D3-BF4B-00C04F79EFBC}") = "Tyuiu.ChalkovaEM.Sprint0.Task4.V0", "Tyuiu.ChalkovaEM.Sprint0.Task4.V0\Tyuiu.ChalkovaEM.Sprint0.Task4.V0.csproj", "{A6E3F837-6895-4852-94B4-2BBB73257795}"
EndProject
Project("{FAE04EC0-301F-11D3-BF4B-00C04F79EFBC}") = "Tyuiu.ChalkovaEM.Srint0.Task4.V0.Test", "Tyuiu.ChalkovaEM.Srint0.Task4.V0\Tyuiu.ChalkovaEM.Srint0.Task4.V0.Test.csproj", "{2F70695B-DE5F-463F-A43E-8796977F823F}"
EndProject
Project("{FAE04EC0-301F-11D3-BF4B-00C04F79EFBC}") = "Tyuiu.ChalkovaEM.Srint0.Task4.V0.Lib", "Tyuiu.ChalkovaEM.Srint0.Task4.V0.Lib\Tyuiu.ChalkovaEM.Srint0.Task4.V0.Lib.csproj", "{9D0BA09A-9BE5-4BF0-B643-43ECF066A3F5}"
EndProject
Project("{FAE04EC0-301F-11D3-BF4B-00C04F79EFBC}") = "Tyuiu.ChalkovaEM.Sprint0.Task5.V0.Lib", "Tyuiu.ChalkovaEM.Sprint0.Task5.V0.Lib\Tyuiu.ChalkovaEM.Sprint0.Task5.V0.Lib.csproj", "{28571B77-D816-46DB-AF2E-4D6DC8D5B8FB}"
EndProject
Project("{FAE04EC0-301F-11D3-BF4B-00C04F79EFBC}") = "Tyuiu.ChalkovaEM.Sprint0.Task5.V0.Test", "Tyuiu.ChalkovaEM.Sprint0.Task5.V0.Test\Tyuiu.ChalkovaEM.Sprint0.Task5.V0.Test.csproj", "{AC325F82-E6CA-4E64-A28F-1684C96389F3}"
EndProject
Project("{FAE04EC0-301F-11D3-BF4B-00C04F79EFBC}") = "Tyuiu.ChalkovaEM.Sprint0.Task5.V0", "Tyuiu.ChalkovaEM.Sprint0.Task5.V0\Tyuiu.ChalkovaEM.Sprint0.Task5.V0.csproj", "{D18F28C2-367F-42F8-84A0-A547479854F5}"
EndProject
Global
	GlobalSection(SolutionConfigurationPlatforms) = preSolution
		Debug|Any CPU = Debug|Any CPU
		Release|Any CPU = Release|Any CPU
	EndGlobalSection
	GlobalSection(ProjectConfigurationPlatforms) = postSolution
		{072C96D6-0515-452D-B373-E2E0E94BDD44}.Debug|Any CPU.ActiveCfg = Debug|Any CPU
		{072C96D6-0515-452D-B373-E2E0E94BDD44}.Debug|Any CPU.Build.0 = Debug|Any CPU
		{072C96D6-0515-452D-B373-E2E0E94BDD44}.Release|Any CPU.ActiveCfg = Release|Any CPU
		{072C96D6-0515-452D-B373-E2E0E94BDD44}.Release|Any CPU.Build.0 = Release|Any CPU
		{3DB34388-27F4-4180-AD57-942ACF1B4871}.Debug|Any CPU.ActiveCfg = Debug|Any CPU
		{3DB34388-27F4-4180-AD57-942ACF1B4871}.Debug|Any CPU.Build.0 = Debug|Any CPU
		{3DB34388-27F4-4180-AD57-942ACF1B4871}.Release|Any CPU.ActiveCfg = Release|Any CPU
		{3DB34388-27F4-4180-AD57-942ACF1B4871}.Release|Any CPU.Build.0 = Release|Any CPU
		{D4310D9A-FFAD-4EE4-BAC7-20F09A07199B}.Debug|Any CPU.ActiveCfg = Debug|Any CPU
		{D4310D9A-FFAD-4EE4-BAC7-20F09A07199B}.Debug|Any CPU.Build.0 = Debug|Any CPU
		{D4310D9A-FFAD-4EE4-BAC7-20F09A07199B}.Release|Any CPU.ActiveCfg = Release|Any CPU
		{D4310D9A-FFAD-4EE4-BAC7-20F09A07199B}.Release|Any CPU.Build.0 = Release|Any CPU
		{14DF989B-440E-4246-80A4-29870CFAF53C}.Debug|Any CPU.ActiveCfg = Debug|Any CPU
		{14DF989B-440E-4246-80A4-29870CFAF53C}.Debug|Any CPU.Build.0 = Debug|Any CPU
		{14DF989B-440E-4246-80A4-29870CFAF53C}.Release|Any CPU.ActiveCfg = Release|Any CPU
		{14DF989B-440E-4246-80A4-29870CFAF53C}.Release|Any CPU.Build.0 = Release|Any CPU
		{E3E3BE42-67E4-4F3C-AB2A-40C164A849A9}.Debug|Any CPU.ActiveCfg = Debug|Any CPU
		{E3E3BE42-67E4-4F3C-AB2A-40C164A849A9}.Debug|Any CPU.Build.0 = Debug|Any CPU
		{E3E3BE42-67E4-4F3C-AB2A-40C164A849A9}.Release|Any CPU.ActiveCfg = Release|Any CPU
		{E3E3BE42-67E4-4F3C-AB2A-40C164A849A9}.Release|Any CPU.Build.0 = Release|Any CPU
		{AD9876B7-6AE7-4902-B78D-7F9CB317D59B}.Debug|Any CPU.ActiveCfg = Debug|Any CPU
		{AD9876B7-6AE7-4902-B78D-7F9CB317D59B}.Debug|Any CPU.Build.0 = Debug|Any CPU
		{AD9876B7-6AE7-4902-B78D-7F9CB317D59B}.Release|Any CPU.ActiveCfg = Release|Any CPU
		{AD9876B7-6AE7-4902-B78D-7F9CB317D59B}.Release|Any CPU.Build.0 = Release|Any CPU
		{63AB214D-E246-4450-B1E5-7B7849B0C2DE}.Debug|Any CPU.ActiveCfg = Debug|Any CPU
		{63AB214D-E246-4450-B1E5-7B7849B0C2DE}.Debug|Any CPU.Build.0 = Debug|Any CPU
		{63AB214D-E246-4450-B1E5-7B7849B0C2DE}.Release|Any CPU.ActiveCfg = Release|Any CPU
		{63AB214D-E246-4450-B1E5-7B7849B0C2DE}.Release|Any CPU.Build.0 = Release|Any CPU
		{EE95A0A5-014F-47EB-BC41-181FCE832116}.Debug|Any CPU.ActiveCfg = Debug|Any CPU
		{EE95A0A5-014F-47EB-BC41-181FCE832116}.Debug|Any CPU.Build.0 = Debug|Any CPU
		{EE95A0A5-014F-47EB-BC41-181FCE832116}.Release|Any CPU.ActiveCfg = Release|Any CPU
		{EE95A0A5-014F-47EB-BC41-181FCE832116}.Release|Any CPU.Build.0 = Release|Any CPU
		{A6E3F837-6895-4852-94B4-2BBB73257795}.Debug|Any CPU.ActiveCfg = Debug|Any CPU
		{A6E3F837-6895-4852-94B4-2BBB73257795}.Debug|Any CPU.Build.0 = Debug|Any CPU
		{A6E3F837-6895-4852-94B4-2BBB73257795}.Release|Any CPU.ActiveCfg = Release|Any CPU
		{A6E3F837-6895-4852-94B4-2BBB73257795}.Release|Any CPU.Build.0 = Release|Any CPU
		{2F70695B-DE5F-463F-A43E-8796977F823F}.Debug|Any CPU.ActiveCfg = Debug|Any CPU
		{2F70695B-DE5F-463F-A43E-8796977F823F}.Debug|Any CPU.Build.0 = Debug|Any CPU
		{2F70695B-DE5F-463F-A43E-8796977F823F}.Release|Any CPU.ActiveCfg = Release|Any CPU
		{2F70695B-DE5F-463F-A43E-8796977F823F}.Release|Any CPU.Build.0 = Release|Any CPU
		{9D0BA09A-9BE5-4BF0-B643-43ECF066A3F5}.Debug|Any CPU.ActiveCfg = Debug|Any CPU
		{9D0BA09A-9BE5-4BF0-B643-43ECF066A3F5}.Debug|Any CPU.Build.0 = Debug|Any CPU
		{9D0BA09A-9BE5-4BF0-B643-43ECF066A3F5}.Release|Any CPU.ActiveCfg = Release|Any CPU
		{9D0BA09A-9BE5-4BF0-B643-43ECF066A3F5}.Release|Any CPU.Build.0 = Release|Any CPU
		{28571B77-D816-46DB-AF2E-4D6DC8D5B8FB}.Debug|Any CPU.ActiveCfg = Debug|Any CPU
		{28571B77-D816-46DB-AF2E-4D6DC8D5B8FB}.Debug|Any CPU.Build.0 = Debug|Any CPU
		{28571B77-D816-46DB-AF2E-4D6DC8D5B8FB}.Release|Any CPU.ActiveCfg = Release|Any CPU
		{28571B77-D816-46DB-AF2E-4D6DC8D5B8FB}.Release|Any CPU.Build.0 = Release|Any CPU
		{AC325F82-E6CA-4E64-A28F-1684C96389F3}.Debug|Any CPU.ActiveCfg = Debug|Any CPU
		{AC325F82-E6CA-4E64-A28F-1684C96389F3}.Debug|Any CPU.Build.0 = Debug|Any CPU
		{AC325F82-E6CA-4E64-A28F-1684C96389F3}.Release|Any CPU.ActiveCfg = Release|Any CPU
		{AC325F82-E6CA-4E64-A28F-1684C96389F3}.Release|Any CPU.Build.0 = Release|Any CPU
		{D18F28C2-367F-42F8-84A0-A547479854F5}.Debug|Any CPU.ActiveCfg = Debug|Any CPU
		{D18F28C2-367F-42F8-84A0-A547479854F5}.Debug|Any CPU.Build.0 = Debug|Any CPU
		{D18F28C2-367F-42F8-84A0-A547479854F5}.Release|Any CPU.ActiveCfg = Release|Any CPU
		{D18F28C2-367F-42F8-84A0-A547479854F5}.Release|Any CPU.Build.0 = Release|Any CPU
	EndGlobalSection
	GlobalSection(SolutionProperties) = preSolution
		HideSolutionNode = FALSE
	EndGlobalSection
	GlobalSection(NestedProjects) = preSolution
		{072C96D6-0515-452D-B373-E2E0E94BDD44} = {B0FE6917-8C34-44BE-B8A1-EB10C8FF5292}
		{3DB34388-27F4-4180-AD57-942ACF1B4871} = {5292DDF1-F6CA-4F1A-8D43-6455FC964F07}
		{D4310D9A-FFAD-4EE4-BAC7-20F09A07199B} = {8A533381-DDB8-4075-BDEF-94443C1D91B1}
		{14DF989B-440E-4246-80A4-29870CFAF53C} = {8A533381-DDB8-4075-BDEF-94443C1D91B1}
		{E3E3BE42-67E4-4F3C-AB2A-40C164A849A9} = {8A533381-DDB8-4075-BDEF-94443C1D91B1}
		{AD9876B7-6AE7-4902-B78D-7F9CB317D59B} = {C0CF446F-0848-4392-80A1-E0BF3E1EFF8B}
		{63AB214D-E246-4450-B1E5-7B7849B0C2DE} = {C0CF446F-0848-4392-80A1-E0BF3E1EFF8B}
		{EE95A0A5-014F-47EB-BC41-181FCE832116} = {C0CF446F-0848-4392-80A1-E0BF3E1EFF8B}
		{A6E3F837-6895-4852-94B4-2BBB73257795} = {9090E511-EDCA-4635-AB89-F161B9D635BA}
		{2F70695B-DE5F-463F-A43E-8796977F823F} = {9090E511-EDCA-4635-AB89-F161B9D635BA}
		{9D0BA09A-9BE5-4BF0-B643-43ECF066A3F5} = {9090E511-EDCA-4635-AB89-F161B9D635BA}
		{28571B77-D816-46DB-AF2E-4D6DC8D5B8FB} = {57F774D9-FBE8-46EC-83EA-E2ED486E081B}
		{AC325F82-E6CA-4E64-A28F-1684C96389F3} = {57F774D9-FBE8-46EC-83EA-E2ED486E081B}
		{D18F28C2-367F-42F8-84A0-A547479854F5} = {57F774D9-FBE8-46EC-83EA-E2ED486E081B}
	EndGlobalSection
	GlobalSection(ExtensibilityGlobals) = postSolution
		SolutionGuid = {7A5CDB16-DA09-4501-90BC-F66411657644}
	EndGlobalSection
EndGlobal
